
Microsoft Visual Studio Solution File, Format Version 12.00
Project("{FAE04EC0-301F-11D3-BF4B-00C04F79EFBC}") = "IntegracaoSistemasDeSoftwareAPI", "IntegracaoSistemasDeSoftwareAPI\IntegracaoSistemasDeSoftwareAPI.csproj", "{B6DD1B83-9535-415C-9977-B88CE87FBC78}"
EndProject
Project("{2150E333-8FDC-42A3-9474-1A3956D46DE8}") = "Global", "Global", "{D890D575-AF04-44AA-B8ED-568A21C3294D}"
EndProject
Project("{2150E333-8FDC-42A3-9474-1A3956D46DE8}") = "API", "API", "{EF8D008F-5A07-440E-8EC1-AF10C1012BB5}"
EndProject
Project("{2150E333-8FDC-42A3-9474-1A3956D46DE8}") = "Admin", "Admin", "{478041C3-800B-4A14-BC52-F7ED420A685E}"
EndProject
Project("{FAE04EC0-301F-11D3-BF4B-00C04F79EFBC}") = "Admin.Domain", "Admin.Domain\Admin.Domain.csproj", "{302DC09B-85E4-4115-B347-3936DD2A8EF4}"
EndProject
Project("{FAE04EC0-301F-11D3-BF4B-00C04F79EFBC}") = "Admin.Infra", "Admin.Infra\Admin.Infra.csproj", "{87A8128C-FF67-4019-A1C0-51C493B19FD1}"
EndProject
Project("{FAE04EC0-301F-11D3-BF4B-00C04F79EFBC}") = "Admin.Shared", "Admin.Shared\Admin.Shared.csproj", "{2DF57094-4AC6-4301-A7B4-AF1B7A0174D6}"
EndProject
Project("{FAE04EC0-301F-11D3-BF4B-00C04F79EFBC}") = "Global.Shared", "Global.Shared\Global.Shared.csproj", "{4FA13A4E-CC5F-43CC-937F-6C55CA7473F6}"
EndProject
Global
	GlobalSection(SolutionConfigurationPlatforms) = preSolution
		Debug|Any CPU = Debug|Any CPU
		Release|Any CPU = Release|Any CPU
	EndGlobalSection
	GlobalSection(ProjectConfigurationPlatforms) = postSolution
		{B6DD1B83-9535-415C-9977-B88CE87FBC78}.Debug|Any CPU.ActiveCfg = Debug|Any CPU
		{B6DD1B83-9535-415C-9977-B88CE87FBC78}.Debug|Any CPU.Build.0 = Debug|Any CPU
		{B6DD1B83-9535-415C-9977-B88CE87FBC78}.Release|Any CPU.ActiveCfg = Release|Any CPU
		{B6DD1B83-9535-415C-9977-B88CE87FBC78}.Release|Any CPU.Build.0 = Release|Any CPU
		{302DC09B-85E4-4115-B347-3936DD2A8EF4}.Debug|Any CPU.ActiveCfg = Debug|Any CPU
		{302DC09B-85E4-4115-B347-3936DD2A8EF4}.Debug|Any CPU.Build.0 = Debug|Any CPU
		{302DC09B-85E4-4115-B347-3936DD2A8EF4}.Release|Any CPU.ActiveCfg = Release|Any CPU
		{302DC09B-85E4-4115-B347-3936DD2A8EF4}.Release|Any CPU.Build.0 = Release|Any CPU
		{87A8128C-FF67-4019-A1C0-51C493B19FD1}.Debug|Any CPU.ActiveCfg = Debug|Any CPU
		{87A8128C-FF67-4019-A1C0-51C493B19FD1}.Debug|Any CPU.Build.0 = Debug|Any CPU
		{87A8128C-FF67-4019-A1C0-51C493B19FD1}.Release|Any CPU.ActiveCfg = Release|Any CPU
		{87A8128C-FF67-4019-A1C0-51C493B19FD1}.Release|Any CPU.Build.0 = Release|Any CPU
		{2DF57094-4AC6-4301-A7B4-AF1B7A0174D6}.Debug|Any CPU.ActiveCfg = Debug|Any CPU
		{2DF57094-4AC6-4301-A7B4-AF1B7A0174D6}.Debug|Any CPU.Build.0 = Debug|Any CPU
		{2DF57094-4AC6-4301-A7B4-AF1B7A0174D6}.Release|Any CPU.ActiveCfg = Release|Any CPU
		{2DF57094-4AC6-4301-A7B4-AF1B7A0174D6}.Release|Any CPU.Build.0 = Release|Any CPU
		{4FA13A4E-CC5F-43CC-937F-6C55CA7473F6}.Debug|Any CPU.ActiveCfg = Debug|Any CPU
		{4FA13A4E-CC5F-43CC-937F-6C55CA7473F6}.Debug|Any CPU.Build.0 = Debug|Any CPU
		{4FA13A4E-CC5F-43CC-937F-6C55CA7473F6}.Release|Any CPU.ActiveCfg = Release|Any CPU
		{4FA13A4E-CC5F-43CC-937F-6C55CA7473F6}.Release|Any CPU.Build.0 = Release|Any CPU
	EndGlobalSection
	GlobalSection(NestedProjects) = preSolution
		{302DC09B-85E4-4115-B347-3936DD2A8EF4} = {478041C3-800B-4A14-BC52-F7ED420A685E}
		{87A8128C-FF67-4019-A1C0-51C493B19FD1} = {478041C3-800B-4A14-BC52-F7ED420A685E}
		{2DF57094-4AC6-4301-A7B4-AF1B7A0174D6} = {478041C3-800B-4A14-BC52-F7ED420A685E}
		{4FA13A4E-CC5F-43CC-937F-6C55CA7473F6} = {D890D575-AF04-44AA-B8ED-568A21C3294D}
		{B6DD1B83-9535-415C-9977-B88CE87FBC78} = {EF8D008F-5A07-440E-8EC1-AF10C1012BB5}
	EndGlobalSection
EndGlobal
