
Microsoft Visual Studio Solution File, Format Version 12.00
Project("{FAE04EC0-301F-11D3-BF4B-00C04F79EFBC}") = "IntegracaoSistemasDeSoftwareAPI", "IntegracaoSistemasDeSoftwareAPI\IntegracaoSistemasDeSoftwareAPI.csproj", "{B6DD1B83-9535-415C-9977-B88CE87FBC78}"
EndProject
Global
	GlobalSection(SolutionConfigurationPlatforms) = preSolution
		Debug|Any CPU = Debug|Any CPU
		Release|Any CPU = Release|Any CPU
	EndGlobalSection
	GlobalSection(ProjectConfigurationPlatforms) = postSolution
		{B6DD1B83-9535-415C-9977-B88CE87FBC78}.Debug|Any CPU.ActiveCfg = Debug|Any CPU
		{B6DD1B83-9535-415C-9977-B88CE87FBC78}.Debug|Any CPU.Build.0 = Debug|Any CPU
		{B6DD1B83-9535-415C-9977-B88CE87FBC78}.Release|Any CPU.ActiveCfg = Release|Any CPU
		{B6DD1B83-9535-415C-9977-B88CE87FBC78}.Release|Any CPU.Build.0 = Release|Any CPU
	EndGlobalSection
EndGlobal
